
Microsoft Visual Studio Solution File, Format Version 12.00
# Visual Studio 2015
Project("{FAE04EC0-301F-11D3-BF4B-00C04F79EFBC}") = "CAGE", "CAGE.csproj", "{BE77B680-86D8-8612-1B13-258A945DEBC0}"
EndProject
Project("{FAE04EC0-301F-11D3-BF4B-00C04F79EFBC}") = "CAGE.Editor", "CAGE.Editor.csproj", "{E4014280-D05F-08B5-4D42-949E610DE36F}"
EndProject
Global
	GlobalSection(SolutionConfigurationPlatforms) = preSolution
		Debug|Any CPU = Debug|Any CPU
		Release|Any CPU = Release|Any CPU
	EndGlobalSection
	GlobalSection(ProjectConfigurationPlatforms) = postSolution
		{BE77B680-86D8-8612-1B13-258A945DEBC0}.Debug|Any CPU.ActiveCfg = Debug|Any CPU
		{BE77B680-86D8-8612-1B13-258A945DEBC0}.Debug|Any CPU.Build.0 = Debug|Any CPU
		{BE77B680-86D8-8612-1B13-258A945DEBC0}.Release|Any CPU.ActiveCfg = Release|Any CPU
		{BE77B680-86D8-8612-1B13-258A945DEBC0}.Release|Any CPU.Build.0 = Release|Any CPU
		{E4014280-D05F-08B5-4D42-949E610DE36F}.Debug|Any CPU.ActiveCfg = Debug|Any CPU
		{E4014280-D05F-08B5-4D42-949E610DE36F}.Debug|Any CPU.Build.0 = Debug|Any CPU
		{E4014280-D05F-08B5-4D42-949E610DE36F}.Release|Any CPU.ActiveCfg = Release|Any CPU
		{E4014280-D05F-08B5-4D42-949E610DE36F}.Release|Any CPU.Build.0 = Release|Any CPU
	EndGlobalSection
	GlobalSection(SolutionProperties) = preSolution
		HideSolutionNode = FALSE
	EndGlobalSection
EndGlobal
